// !$*UTF8*$!
{
	archiveVersion = 1;
	classes = {
	};
	objectVersion = 77;
	objects = {

/* Begin PBXBuildFile section */
		4CE17DC5B34B30AA19D30D28 /* test_robot.cpp in Sources */ = {isa = PBXBuildFile; fileRef = 9E2E69C5B416A83FC8391A0F /* test_robot.cpp */; };
		9DF88CDFF3A3E3AE88BC670E /* RobotBase.cpp in Sources */ = {isa = PBXBuildFile; fileRef = 5436AD48ADB1819C7D2616AC /* RobotBase.cpp */; };
/* End PBXBuildFile section */

/* Begin PBXFileReference section */
		04251776A91018E28F5A97DF /* RobotBase.h */ = {isa = PBXFileReference; lastKnownFileType = sourcecode.c.h; path = RobotBase.h; sourceTree = "<group>"; };
		1FEB7F812ADD80578EEA506E /* RadarObj.h */ = {isa = PBXFileReference; lastKnownFileType = sourcecode.c.h; path = RadarObj.h; sourceTree = "<group>"; };
		278806078EBE99E8FAA9B8AB /* Robot_Ratboy.cpp */ = {isa = PBXFileReference; lastKnownFileType = sourcecode.cpp.cpp; path = Robot_Ratboy.cpp; sourceTree = "<group>"; };
		487959DAC11F4CE7D1BF3E3C /* README.md */ = {isa = PBXFileReference; lastKnownFileType = net.daringfireball.markdown; path = README.md; sourceTree = "<group>"; };
		5436AD48ADB1819C7D2616AC /* RobotBase.cpp */ = {isa = PBXFileReference; lastKnownFileType = sourcecode.cpp.cpp; path = RobotBase.cpp; sourceTree = "<group>"; };
		586DB0814154344E9A217D74 /* test_robot */ = {isa = PBXFileReference; includeInIndex = 0; lastKnownFileType = text; path = test_robot; sourceTree = BUILT_PRODUCTS_DIR; };
		5DA9C2AFC151D151EB10B1E1 /* .gitignore */ = {isa = PBXFileReference; lastKnownFileType = text; path = .gitignore; sourceTree = "<group>"; };
		5FC59047016961AD973D9F63 /* RobotWarzDesign.drawio */ = {isa = PBXFileReference; lastKnownFileType = text; path = RobotWarzDesign.drawio; sourceTree = "<group>"; };
		64549C852F987CCD0097E362 /* Arena.h */ = {isa = PBXFileReference; lastKnownFileType = sourcecode.c.h; path = Arena.h; sourceTree = "<group>"; };
		64549C862F987CD40097E362 /* Arena.cpp */ = {isa = PBXFileReference; lastKnownFileType = sourcecode.cpp.cpp; path = Arena.cpp; sourceTree = "<group>"; };
		64549C872F987CE50097E362 /* Robot_Kraig.cpp */ = {isa = PBXFileReference; lastKnownFileType = sourcecode.cpp.cpp; path = Robot_Kraig.cpp; sourceTree = "<group>"; };
		64549C882F9884290097E362 /* RobotWarz.cpp */ = {isa = PBXFileReference; lastKnownFileType = sourcecode.c.h; path = RobotWarz.cpp; sourceTree = "<group>"; };
		67092778475AD5AB5FAAE0B0 /* Arena-to-robot-sequence.drawio */ = {isa = PBXFileReference; lastKnownFileType = text; path = "Arena-to-robot-sequence.drawio"; sourceTree = "<group>"; };
		8DCF98BDAA0F9DD8111595CF /* Robot_Flame_e_o.cpp */ = {isa = PBXFileReference; lastKnownFileType = sourcecode.cpp.cpp; path = Robot_Flame_e_o.cpp; sourceTree = "<group>"; };
		9E2E69C5B416A83FC8391A0F /* test_robot.cpp */ = {isa = PBXFileReference; lastKnownFileType = sourcecode.cpp.cpp; path = test_robot.cpp; sourceTree = "<group>"; };
		B7804A3FE720EC8F7CD48C67 /* RobotWarzFlow.drawio */ = {isa = PBXFileReference; lastKnownFileType = text; path = RobotWarzFlow.drawio; sourceTree = "<group>"; };
		BD776CD2F6EC509A4BE694FD /* Makefile */ = {isa = PBXFileReference; lastKnownFileType = sourcecode.make; path = Makefile; sourceTree = "<group>"; };
		E2BC486298351C3CAE7060CC /* RobotWarz_spec.md */ = {isa = PBXFileReference; lastKnownFileType = net.daringfireball.markdown; path = RobotWarz_spec.md; sourceTree = "<group>"; };
/* End PBXFileReference section */

/* Begin PBXGroup section */
		526B98237DB87DFFE11856A0 /* Products */ = {
			isa = PBXGroup;
			children = (
				586DB0814154344E9A217D74 /* test_robot */,
			);
			name = Products;
			sourceTree = "<group>";
		};
		689673BE3D4667CCA95371F7 = {
			isa = PBXGroup;
			children = (
				5DA9C2AFC151D151EB10B1E1 /* .gitignore */,
				64549C852F987CCD0097E362 /* Arena.h */,
				64549C862F987CD40097E362 /* Arena.cpp */,
				67092778475AD5AB5FAAE0B0 /* Arena-to-robot-sequence.drawio */,
				BD776CD2F6EC509A4BE694FD /* Makefile */,
				526B98237DB87DFFE11856A0 /* Products */,
				1FEB7F812ADD80578EEA506E /* RadarObj.h */,
				487959DAC11F4CE7D1BF3E3C /* README.md */,
				8DCF98BDAA0F9DD8111595CF /* Robot_Flame_e_o.cpp */,
				64549C872F987CE50097E362 /* Robot_Kraig.cpp */,
				278806078EBE99E8FAA9B8AB /* Robot_Ratboy.cpp */,
				04251776A91018E28F5A97DF /* RobotBase.h */,
				5436AD48ADB1819C7D2616AC /* RobotBase.cpp */,
				64549C882F9884290097E362 /* RobotWarz.cpp */,
				E2BC486298351C3CAE7060CC /* RobotWarz_spec.md */,
				5FC59047016961AD973D9F63 /* RobotWarzDesign.drawio */,
				B7804A3FE720EC8F7CD48C67 /* RobotWarzFlow.drawio */,
				9E2E69C5B416A83FC8391A0F /* test_robot.cpp */,
			);
			sourceTree = "<group>";
		};
/* End PBXGroup section */

/* Begin PBXNativeTarget section */
		80D9013E0F12F3A41B393742 /* test_robot */ = {
			isa = PBXNativeTarget;
			buildConfigurationList = 4EB796CB2C28E93E7DA7D3F9 /* Build configuration list for PBXNativeTarget "test_robot" */;
			buildPhases = (
				DE9F37FC339BC14247B7E3CF /* Sources */,
			);
			buildRules = (
			);
			dependencies = (
			);
			name = test_robot;
			packageProductDependencies = (
			);
			productName = test_robot;
			productReference = 586DB0814154344E9A217D74 /* test_robot */;
			productType = "com.apple.product-type.tool";
		};
/* End PBXNativeTarget section */

/* Begin PBXProject section */
		1B128479F8665B3851954AA3 /* Project object */ = {
			isa = PBXProject;
			attributes = {
				BuildIndependentTargetsInParallel = YES;
				LastUpgradeCheck = 1430;
			};
			buildConfigurationList = 26A704956FB49F5CD98D29E2 /* Build configuration list for PBXProject "RobotWarzStarter" */;
			developmentRegion = en;
			hasScannedForEncodings = 0;
			knownRegions = (
				Base,
				en,
			);
			mainGroup = 689673BE3D4667CCA95371F7;
			minimizedProjectReferenceProxies = 1;
			preferredProjectObjectVersion = 77;
			productRefGroup = 526B98237DB87DFFE11856A0 /* Products */;
			projectDirPath = "";
			projectRoot = "";
			targets = (
				80D9013E0F12F3A41B393742 /* test_robot */,
			);
		};
/* End PBXProject section */

/* Begin PBXSourcesBuildPhase section */
		DE9F37FC339BC14247B7E3CF /* Sources */ = {
			isa = PBXSourcesBuildPhase;
			buildActionMask = 2147483647;
			files = (
				9DF88CDFF3A3E3AE88BC670E /* RobotBase.cpp in Sources */,
				4CE17DC5B34B30AA19D30D28 /* test_robot.cpp in Sources */,
			);
			runOnlyForDeploymentPostprocessing = 0;
		};
/* End PBXSourcesBuildPhase section */

/* Begin XCBuildConfiguration section */
		04F85BF617F017FADE71ABB6 /* Debug */ = {
			isa = XCBuildConfiguration;
			buildSettings = {
				COMBINE_HIDPI_IMAGES = YES;
				HEADER_SEARCH_PATHS = "$(SRCROOT)";
				LD_RUNPATH_SEARCH_PATHS = (
					"$(inherited)",
					"@executable_path/../Frameworks",
				);
				PRODUCT_NAME = test_robot;
				SDKROOT = macosx;
			};
			name = Debug;
		};
		79BD637D7F452CBA1811004A /* Debug */ = {
			isa = XCBuildConfiguration;
			buildSettings = {
				ALWAYS_SEARCH_USER_PATHS = NO;
				CLANG_ANALYZER_NONNULL = YES;
				CLANG_ANALYZER_NUMBER_OBJECT_CONVERSION = YES_AGGRESSIVE;
				CLANG_CXX_LANGUAGE_STANDARD = "gnu++20";
				CLANG_CXX_LIBRARY = "libc++";
				CLANG_ENABLE_MODULES = YES;
				CLANG_ENABLE_OBJC_ARC = YES;
				CLANG_ENABLE_OBJC_WEAK = YES;
				CLANG_WARN_BLOCK_CAPTURE_AUTORELEASING = YES;
				CLANG_WARN_BOOL_CONVERSION = YES;
				CLANG_WARN_COMMA = YES;
				CLANG_WARN_CONSTANT_CONVERSION = YES;
				CLANG_WARN_DEPRECATED_OBJC_IMPLEMENTATIONS = YES;
				CLANG_WARN_DIRECT_OBJC_ISA_USAGE = YES_ERROR;
				CLANG_WARN_DOCUMENTATION_COMMENTS = YES;
				CLANG_WARN_EMPTY_BODY = YES;
				CLANG_WARN_ENUM_CONVERSION = YES;
				CLANG_WARN_INFINITE_RECURSION = YES;
				CLANG_WARN_INT_CONVERSION = YES;
				CLANG_WARN_NON_LITERAL_NULL_CONVERSION = YES;
				CLANG_WARN_OBJC_IMPLICIT_RETAIN_SELF = YES;
				CLANG_WARN_OBJC_LITERAL_CONVERSION = YES;
				CLANG_WARN_OBJC_ROOT_CLASS = YES_ERROR;
				CLANG_WARN_QUOTED_INCLUDE_IN_FRAMEWORK_HEADER = YES;
				CLANG_WARN_RANGE_LOOP_ANALYSIS = YES;
				CLANG_WARN_STRICT_PROTOTYPES = YES;
				CLANG_WARN_SUSPICIOUS_MOVE = YES;
				CLANG_WARN_UNGUARDED_AVAILABILITY = YES_AGGRESSIVE;
				CLANG_WARN_UNREACHABLE_CODE = YES;
				CLANG_WARN__DUPLICATE_METHOD_MATCH = YES;
				COPY_PHASE_STRIP = NO;
				DEBUG_INFORMATION_FORMAT = dwarf;
				ENABLE_STRICT_OBJC_MSGSEND = YES;
				ENABLE_TESTABILITY = YES;
				GCC_C_LANGUAGE_STANDARD = gnu11;
				GCC_DYNAMIC_NO_PIC = NO;
				GCC_NO_COMMON_BLOCKS = YES;
				GCC_OPTIMIZATION_LEVEL = 0;
				GCC_PREPROCESSOR_DEFINITIONS = (
					"$(inherited)",
					"DEBUG=1",
				);
				GCC_TREAT_WARNINGS_AS_ERRORS = NO;
				GCC_WARN_64_TO_32_BIT_CONVERSION = YES;
				GCC_WARN_ABOUT_RETURN_TYPE = YES_ERROR;
				GCC_WARN_PEDANTIC = YES;
				GCC_WARN_UNDECLARED_SELECTOR = YES;
				GCC_WARN_UNINITIALIZED_AUTOS = YES_AGGRESSIVE;
				GCC_WARN_UNUSED_FUNCTION = YES;
				GCC_WARN_UNUSED_VARIABLE = YES;
				MACOSX_DEPLOYMENT_TARGET = 13.0;
				MTL_ENABLE_DEBUG_INFO = INCLUDE_SOURCE;
				MTL_FAST_MATH = YES;
				ONLY_ACTIVE_ARCH = YES;
				PRODUCT_NAME = "$(TARGET_NAME)";
				SDKROOT = macosx;
				SWIFT_ACTIVE_COMPILATION_CONDITIONS = DEBUG;
				SWIFT_OPTIMIZATION_LEVEL = "-Onone";
				SWIFT_VERSION = 5.0;
				WARNING_CFLAGS = (
					"-Wall",
					"-Wextra",
				);
			};
			name = Debug;
		};
		BE6814B57D63C73352598CB2 /* Release */ = {
			isa = XCBuildConfiguration;
			buildSettings = {
				COMBINE_HIDPI_IMAGES = YES;
				HEADER_SEARCH_PATHS = "$(SRCROOT)";
				LD_RUNPATH_SEARCH_PATHS = (
					"$(inherited)",
					"@executable_path/../Frameworks",
				);
				PRODUCT_NAME = test_robot;
				SDKROOT = macosx;
			};
			name = Release;
		};
		BF5F62538916C4CE6BDBA10A /* Release */ = {
			isa = XCBuildConfiguration;
			buildSettings = {
				ALWAYS_SEARCH_USER_PATHS = NO;
				CLANG_ANALYZER_NONNULL = YES;
				CLANG_ANALYZER_NUMBER_OBJECT_CONVERSION = YES_AGGRESSIVE;
				CLANG_CXX_LANGUAGE_STANDARD = "gnu++20";
				CLANG_CXX_LIBRARY = "libc++";
				CLANG_ENABLE_MODULES = YES;
				CLANG_ENABLE_OBJC_ARC = YES;
				CLANG_ENABLE_OBJC_WEAK = YES;
				CLANG_WARN_BLOCK_CAPTURE_AUTORELEASING = YES;
				CLANG_WARN_BOOL_CONVERSION = YES;
				CLANG_WARN_COMMA = YES;
				CLANG_WARN_CONSTANT_CONVERSION = YES;
				CLANG_WARN_DEPRECATED_OBJC_IMPLEMENTATIONS = YES;
				CLANG_WARN_DIRECT_OBJC_ISA_USAGE = YES_ERROR;
				CLANG_WARN_DOCUMENTATION_COMMENTS = YES;
				CLANG_WARN_EMPTY_BODY = YES;
				CLANG_WARN_ENUM_CONVERSION = YES;
				CLANG_WARN_INFINITE_RECURSION = YES;
				CLANG_WARN_INT_CONVERSION = YES;
				CLANG_WARN_NON_LITERAL_NULL_CONVERSION = YES;
				CLANG_WARN_OBJC_IMPLICIT_RETAIN_SELF = YES;
				CLANG_WARN_OBJC_LITERAL_CONVERSION = YES;
				CLANG_WARN_OBJC_ROOT_CLASS = YES_ERROR;
				CLANG_WARN_QUOTED_INCLUDE_IN_FRAMEWORK_HEADER = YES;
				CLANG_WARN_RANGE_LOOP_ANALYSIS = YES;
				CLANG_WARN_STRICT_PROTOTYPES = YES;
				CLANG_WARN_SUSPICIOUS_MOVE = YES;
				CLANG_WARN_UNGUARDED_AVAILABILITY = YES_AGGRESSIVE;
				CLANG_WARN_UNREACHABLE_CODE = YES;
				CLANG_WARN__DUPLICATE_METHOD_MATCH = YES;
				COPY_PHASE_STRIP = NO;
				DEBUG_INFORMATION_FORMAT = "dwarf-with-dsym";
				ENABLE_NS_ASSERTIONS = NO;
				ENABLE_STRICT_OBJC_MSGSEND = YES;
				GCC_C_LANGUAGE_STANDARD = gnu11;
				GCC_NO_COMMON_BLOCKS = YES;
				GCC_TREAT_WARNINGS_AS_ERRORS = NO;
				GCC_WARN_64_TO_32_BIT_CONVERSION = YES;
				GCC_WARN_ABOUT_RETURN_TYPE = YES_ERROR;
				GCC_WARN_PEDANTIC = YES;
				GCC_WARN_UNDECLARED_SELECTOR = YES;
				GCC_WARN_UNINITIALIZED_AUTOS = YES_AGGRESSIVE;
				GCC_WARN_UNUSED_FUNCTION = YES;
				GCC_WARN_UNUSED_VARIABLE = YES;
				MACOSX_DEPLOYMENT_TARGET = 13.0;
				MTL_ENABLE_DEBUG_INFO = NO;
				MTL_FAST_MATH = YES;
				PRODUCT_NAME = "$(TARGET_NAME)";
				SDKROOT = macosx;
				SWIFT_COMPILATION_MODE = wholemodule;
				SWIFT_OPTIMIZATION_LEVEL = "-O";
				SWIFT_VERSION = 5.0;
				WARNING_CFLAGS = (
					"-Wall",
					"-Wextra",
				);
			};
			name = Release;
		};
/* End XCBuildConfiguration section */

/* Begin XCConfigurationList section */
		26A704956FB49F5CD98D29E2 /* Build configuration list for PBXProject "RobotWarzStarter" */ = {
			isa = XCConfigurationList;
			buildConfigurations = (
				79BD637D7F452CBA1811004A /* Debug */,
				BF5F62538916C4CE6BDBA10A /* Release */,
			);
			defaultConfigurationIsVisible = 0;
			defaultConfigurationName = Debug;
		};
		4EB796CB2C28E93E7DA7D3F9 /* Build configuration list for PBXNativeTarget "test_robot" */ = {
			isa = XCConfigurationList;
			buildConfigurations = (
				04F85BF617F017FADE71ABB6 /* Debug */,
				BE6814B57D63C73352598CB2 /* Release */,
			);
			defaultConfigurationIsVisible = 0;
			defaultConfigurationName = Debug;
		};
/* End XCConfigurationList section */
	};
	rootObject = 1B128479F8665B3851954AA3 /* Project object */;
}
